{
  "name": "@xata.io/plugin-client-cloudflare",
  "version": "0.0.4",
  "lockfileVersion": 2,
  "requires": true,
  "packages": {
    "": {
      "name": "@xata.io/plugin-client-cloudflare",
      "version": "0.0.4",
      "license": "Apache-2.0",
      "dependencies": {
        "@cloudflare/workers-types": "^4.20221111.1",
        "@xata.io/client": "^0.21.2"
      }
    },
    "node_modules/@cloudflare/workers-types": {
      "version": "4.20221111.1",
      "resolved": "https://registry.npmjs.org/@cloudflare/workers-types/-/workers-types-4.20221111.1.tgz",
      "integrity": "sha512-BNV2wN8V6Zduvo7UzxcdjBbLQ906D2KhS804PDufLgx/sanGJCHVJMOIaLvS/b61JKtot1U7P/l1fjrjZ7/E3A=="
    },
    "node_modules/@xata.io/client": {
      "version": "0.21.2",
      "resolved": "https://registry.npmjs.org/@xata.io/client/-/client-0.21.2.tgz",
      "integrity": "sha512-+ZoAgGGy6+In6HDjqSRCzxKcsodFZDd6stGgvtpATt+bUyL8glkk61EYh3iKKrlWBtfG5lZPK9LEQcVEdf6icg==",
      "peerDependencies": {
        "typescript": ">=4.5"
      }
    },
    "node_modules/typescript": {
      "version": "4.9.3",
      "resolved": "https://registry.npmjs.org/typescript/-/typescript-4.9.3.tgz",
      "integrity": "sha512-CIfGzTelbKNEnLpLdGFgdyKhG23CKdKgQPOBc+OUNrkJ2vr+KSzsSV5kq5iWhEQbok+quxgGzrAtGWCyU7tHnA==",
      "peer": true,
      "bin": {
        "tsc": "bin/tsc",
        "tsserver": "bin/tsserver"
      },
      "engines": {
        "node": ">=4.2.0"
      }
    }
  },
  "dependencies": {
    "@cloudflare/workers-types": {
      "version": "4.20221111.1",
      "resolved": "https://registry.npmjs.org/@cloudflare/workers-types/-/workers-types-4.20221111.1.tgz",
      "integrity": "sha512-BNV2wN8V6Zduvo7UzxcdjBbLQ906D2KhS804PDufLgx/sanGJCHVJMOIaLvS/b61JKtot1U7P/l1fjrjZ7/E3A=="
    },
    "@xata.io/client": {
      "version": "0.21.2",
      "resolved": "https://registry.npmjs.org/@xata.io/client/-/client-0.21.2.tgz",
      "integrity": "sha512-+ZoAgGGy6+In6HDjqSRCzxKcsodFZDd6stGgvtpATt+bUyL8glkk61EYh3iKKrlWBtfG5lZPK9LEQcVEdf6icg==",
      "requires": {}
    },
    "typescript": {
      "version": "4.9.3",
      "resolved": "https://registry.npmjs.org/typescript/-/typescript-4.9.3.tgz",
      "integrity": "sha512-CIfGzTelbKNEnLpLdGFgdyKhG23CKdKgQPOBc+OUNrkJ2vr+KSzsSV5kq5iWhEQbok+quxgGzrAtGWCyU7tHnA==",
      "peer": true
    }
  }
}
