{
  "name": "@xata.io/plugin-client-cloudflare",
  "version": "0.0.4",
  "lockfileVersion": 2,
  "requires": true,
  "packages": {
    "": {
      "name": "@xata.io/plugin-client-cloudflare",
      "version": "0.0.4",
      "license": "Apache-2.0",
      "dependencies": {
        "@cloudflare/workers-types": "^4.20221111.1"
      }
    },
    "node_modules/@cloudflare/workers-types": {
      "version": "4.20221111.1",
      "resolved": "https://registry.npmjs.org/@cloudflare/workers-types/-/workers-types-4.20221111.1.tgz",
      "integrity": "sha512-BNV2wN8V6Zduvo7UzxcdjBbLQ906D2KhS804PDufLgx/sanGJCHVJMOIaLvS/b61JKtot1U7P/l1fjrjZ7/E3A=="
    }
  },
  "dependencies": {
    "@cloudflare/workers-types": {
      "version": "4.20221111.1",
      "resolved": "https://registry.npmjs.org/@cloudflare/workers-types/-/workers-types-4.20221111.1.tgz",
      "integrity": "sha512-BNV2wN8V6Zduvo7UzxcdjBbLQ906D2KhS804PDufLgx/sanGJCHVJMOIaLvS/b61JKtot1U7P/l1fjrjZ7/E3A=="
    }
  }
}
