{
  "name": "@xata.io/plugin-client-cloudflare",
  "version": "0.0.1",
  "lockfileVersion": 2,
  "requires": true,
  "packages": {
    "": {
      "name": "@xata.io/plugin-client-cloudflare",
      "version": "0.0.1",
      "license": "Apache-2.0",
      "dependencies": {
        "@cloudflare/workers-types": "^3.18.0",
        "@xata.io/client": "^0.19.0"
      }
    },
    "node_modules/@cloudflare/workers-types": {
      "version": "3.18.0",
      "resolved": "https://registry.npmjs.org/@cloudflare/workers-types/-/workers-types-3.18.0.tgz",
      "integrity": "sha512-ehKOJVLMeR+tZkYhWEaLYQxl0TaIZu/kE86HF3/RidR8Xv5LuQxpbh+XXAoKVqsaphWLhIgBhgnlN5HGdheXSQ=="
    },
    "node_modules/@xata.io/client": {
      "version": "0.19.0",
      "resolved": "https://registry.npmjs.org/@xata.io/client/-/client-0.19.0.tgz",
      "integrity": "sha512-llYDSKtM7rp8qJiFI/ppUiCVdpcGeRDeB+mlx1X46sRCfWg1DzZiF9DGbbPSExH9MeiTV57U1BMseBNozIGt3Q==",
      "peerDependencies": {
        "typescript": ">=4.5"
      }
    },
    "node_modules/typescript": {
      "version": "4.7.4",
      "resolved": "https://registry.npmjs.org/typescript/-/typescript-4.7.4.tgz",
      "integrity": "sha512-C0WQT0gezHuw6AdY1M2jxUO83Rjf0HP7Sk1DtXj6j1EwkQNZrHAg2XPWlq62oqEhYvONq5pkC2Y9oPljWToLmQ==",
      "peer": true,
      "bin": {
        "tsc": "bin/tsc",
        "tsserver": "bin/tsserver"
      },
      "engines": {
        "node": ">=4.2.0"
      }
    }
  },
  "dependencies": {
    "@cloudflare/workers-types": {
      "version": "3.18.0",
      "resolved": "https://registry.npmjs.org/@cloudflare/workers-types/-/workers-types-3.18.0.tgz",
      "integrity": "sha512-ehKOJVLMeR+tZkYhWEaLYQxl0TaIZu/kE86HF3/RidR8Xv5LuQxpbh+XXAoKVqsaphWLhIgBhgnlN5HGdheXSQ=="
    },
    "@xata.io/client": {
      "version": "0.19.0",
      "resolved": "https://registry.npmjs.org/@xata.io/client/-/client-0.19.0.tgz",
      "integrity": "sha512-llYDSKtM7rp8qJiFI/ppUiCVdpcGeRDeB+mlx1X46sRCfWg1DzZiF9DGbbPSExH9MeiTV57U1BMseBNozIGt3Q==",
      "requires": {}
    },
    "typescript": {
      "version": "4.7.4",
      "resolved": "https://registry.npmjs.org/typescript/-/typescript-4.7.4.tgz",
      "integrity": "sha512-C0WQT0gezHuw6AdY1M2jxUO83Rjf0HP7Sk1DtXj6j1EwkQNZrHAg2XPWlq62oqEhYvONq5pkC2Y9oPljWToLmQ==",
      "peer": true
    }
  }
}
