{
  "name": "@xata.io/plugin-client-cache",
  "version": "0.0.2",
  "lockfileVersion": 2,
  "requires": true,
  "packages": {
    "": {
      "name": "@xata.io/plugin-client-cache",
      "version": "0.0.2",
      "license": "MIT",
      "dependencies": {
        "@xata.io/client": "^0.9.1"
      },
      "devDependencies": {
        "lru-cache": "^7.10.1"
      },
      "peerDependencies": {
        "lru-cache": "^7"
      }
    },
    "node_modules/@xata.io/client": {
      "version": "0.9.1",
      "resolved": "https://registry.npmjs.org/@xata.io/client/-/client-0.9.1.tgz",
      "integrity": "sha512-wgoGbTFNWvmgPV7+4esD4v0t5YLsKE5Cr/g96lfFspihDbtJToedGAS80qCrw3iFtVyQqYV32r/6dW2vF8A9xg=="
    },
    "node_modules/lru-cache": {
      "version": "7.10.1",
      "resolved": "https://registry.npmjs.org/lru-cache/-/lru-cache-7.10.1.tgz",
      "integrity": "sha512-BQuhQxPuRl79J5zSXRP+uNzPOyZw2oFI9JLRQ80XswSvg21KMKNtQza9eF42rfI/3Z40RvzBdXgziEkudzjo8A==",
      "dev": true,
      "engines": {
        "node": ">=12"
      }
    }
  },
  "dependencies": {
    "@xata.io/client": {
      "version": "0.9.1",
      "resolved": "https://registry.npmjs.org/@xata.io/client/-/client-0.9.1.tgz",
      "integrity": "sha512-wgoGbTFNWvmgPV7+4esD4v0t5YLsKE5Cr/g96lfFspihDbtJToedGAS80qCrw3iFtVyQqYV32r/6dW2vF8A9xg=="
    },
    "lru-cache": {
      "version": "7.10.1",
      "resolved": "https://registry.npmjs.org/lru-cache/-/lru-cache-7.10.1.tgz",
      "integrity": "sha512-BQuhQxPuRl79J5zSXRP+uNzPOyZw2oFI9JLRQ80XswSvg21KMKNtQza9eF42rfI/3Z40RvzBdXgziEkudzjo8A==",
      "dev": true
    }
  }
}
