{
  "name": "@xata.io/plugin-client-cache",
  "version": "0.0.3",
  "lockfileVersion": 2,
  "requires": true,
  "packages": {
    "": {
      "name": "@xata.io/plugin-client-cache",
      "version": "0.0.3",
      "license": "MIT",
      "dependencies": {
        "@xata.io/client": "^0.10.0"
      },
      "devDependencies": {
        "lru-cache": "^7.10.1"
      },
      "peerDependencies": {
        "lru-cache": "^7"
      }
    },
    "node_modules/@xata.io/client": {
      "version": "0.10.0",
      "resolved": "https://registry.npmjs.org/@xata.io/client/-/client-0.10.0.tgz",
      "integrity": "sha512-RZIrg0ovbaWZ+uB8bNQ+E822eH38U2lx1fcUdMJc+mPa/xdv03+/+4lKfz327QbJxG0jYUTpMgTucP+VtoOhqg=="
    },
    "node_modules/lru-cache": {
      "version": "7.10.1",
      "resolved": "https://registry.npmjs.org/lru-cache/-/lru-cache-7.10.1.tgz",
      "integrity": "sha512-BQuhQxPuRl79J5zSXRP+uNzPOyZw2oFI9JLRQ80XswSvg21KMKNtQza9eF42rfI/3Z40RvzBdXgziEkudzjo8A==",
      "dev": true,
      "engines": {
        "node": ">=12"
      }
    }
  },
  "dependencies": {
    "@xata.io/client": {
      "version": "0.10.0",
      "resolved": "https://registry.npmjs.org/@xata.io/client/-/client-0.10.0.tgz",
      "integrity": "sha512-RZIrg0ovbaWZ+uB8bNQ+E822eH38U2lx1fcUdMJc+mPa/xdv03+/+4lKfz327QbJxG0jYUTpMgTucP+VtoOhqg=="
    },
    "lru-cache": {
      "version": "7.10.1",
      "resolved": "https://registry.npmjs.org/lru-cache/-/lru-cache-7.10.1.tgz",
      "integrity": "sha512-BQuhQxPuRl79J5zSXRP+uNzPOyZw2oFI9JLRQ80XswSvg21KMKNtQza9eF42rfI/3Z40RvzBdXgziEkudzjo8A==",
      "dev": true
    }
  }
}
