{
  "name": "@xata.io/plugin-client-cache",
  "version": "0.1.6",
  "lockfileVersion": 2,
  "requires": true,
  "packages": {
    "": {
      "name": "@xata.io/plugin-client-cache",
      "version": "0.1.6",
      "license": "Apache-2.0",
      "dependencies": {
        "@xata.io/client": "^0.21.6"
      },
      "devDependencies": {
        "lru-cache": "^7.14.1"
      },
      "peerDependencies": {
        "lru-cache": "^7"
      }
    },
    "node_modules/@xata.io/client": {
      "version": "0.21.6",
      "resolved": "https://registry.npmjs.org/@xata.io/client/-/client-0.21.6.tgz",
      "integrity": "sha512-XAHQsopU8aXCwhieEGSzBgAwkBv5UKMOAxQg9oeGF6okE66QCe987j/nxsk6vYZKYgsv7cgnOikpwXbYv7oIsQ==",
      "peerDependencies": {
        "typescript": ">=4.5"
      }
    },
    "node_modules/lru-cache": {
      "version": "7.14.1",
      "resolved": "https://registry.npmjs.org/lru-cache/-/lru-cache-7.14.1.tgz",
      "integrity": "sha512-ysxwsnTKdAx96aTRdhDOCQfDgbHnt8SK0KY8SEjO0wHinhWOFTESbjVCMPbU1uGXg/ch4lifqx0wfjOawU2+WA==",
      "dev": true,
      "engines": {
        "node": ">=12"
      }
    },
    "node_modules/typescript": {
      "version": "4.7.4",
      "resolved": "https://registry.npmjs.org/typescript/-/typescript-4.7.4.tgz",
      "integrity": "sha512-C0WQT0gezHuw6AdY1M2jxUO83Rjf0HP7Sk1DtXj6j1EwkQNZrHAg2XPWlq62oqEhYvONq5pkC2Y9oPljWToLmQ==",
      "peer": true,
      "bin": {
        "tsc": "bin/tsc",
        "tsserver": "bin/tsserver"
      },
      "engines": {
        "node": ">=4.2.0"
      }
    }
  },
  "dependencies": {
    "@xata.io/client": {
      "version": "0.21.6",
      "resolved": "https://registry.npmjs.org/@xata.io/client/-/client-0.21.6.tgz",
      "integrity": "sha512-XAHQsopU8aXCwhieEGSzBgAwkBv5UKMOAxQg9oeGF6okE66QCe987j/nxsk6vYZKYgsv7cgnOikpwXbYv7oIsQ==",
      "requires": {}
    },
    "lru-cache": {
      "version": "7.14.1",
      "resolved": "https://registry.npmjs.org/lru-cache/-/lru-cache-7.14.1.tgz",
      "integrity": "sha512-ysxwsnTKdAx96aTRdhDOCQfDgbHnt8SK0KY8SEjO0wHinhWOFTESbjVCMPbU1uGXg/ch4lifqx0wfjOawU2+WA==",
      "dev": true
    },
    "typescript": {
      "version": "4.7.4",
      "resolved": "https://registry.npmjs.org/typescript/-/typescript-4.7.4.tgz",
      "integrity": "sha512-C0WQT0gezHuw6AdY1M2jxUO83Rjf0HP7Sk1DtXj6j1EwkQNZrHAg2XPWlq62oqEhYvONq5pkC2Y9oPljWToLmQ==",
      "peer": true
    }
  }
}
