{
  "name": "@xata.io/plugin-client-opentelemetry",
  "version": "0.2.4",
  "lockfileVersion": 2,
  "requires": true,
  "packages": {
    "": {
      "name": "@xata.io/plugin-client-opentelemetry",
      "version": "0.2.4",
      "license": "Apache-2.0",
      "dependencies": {
        "@opentelemetry/api": "^1.3.0",
        "@xata.io/client": "^0.21.2"
      }
    },
    "node_modules/@opentelemetry/api": {
      "version": "1.3.0",
      "resolved": "https://registry.npmjs.org/@opentelemetry/api/-/api-1.3.0.tgz",
      "integrity": "sha512-YveTnGNsFFixTKJz09Oi4zYkiLT5af3WpZDu4aIUM7xX+2bHAkOJayFTVQd6zB8kkWPpbua4Ha6Ql00grdLlJQ==",
      "engines": {
        "node": ">=8.0.0"
      }
    },
    "node_modules/@xata.io/client": {
      "version": "0.21.2",
      "resolved": "https://registry.npmjs.org/@xata.io/client/-/client-0.21.2.tgz",
      "integrity": "sha512-+ZoAgGGy6+In6HDjqSRCzxKcsodFZDd6stGgvtpATt+bUyL8glkk61EYh3iKKrlWBtfG5lZPK9LEQcVEdf6icg==",
      "peerDependencies": {
        "typescript": ">=4.5"
      }
    },
    "node_modules/typescript": {
      "version": "4.8.3",
      "resolved": "https://registry.npmjs.org/typescript/-/typescript-4.8.3.tgz",
      "integrity": "sha512-goMHfm00nWPa8UvR/CPSvykqf6dVV8x/dp0c5mFTMTIu0u0FlGWRioyy7Nn0PGAdHxpJZnuO/ut+PpQ8UiHAig==",
      "peer": true,
      "bin": {
        "tsc": "bin/tsc",
        "tsserver": "bin/tsserver"
      },
      "engines": {
        "node": ">=4.2.0"
      }
    }
  },
  "dependencies": {
    "@opentelemetry/api": {
      "version": "1.3.0",
      "resolved": "https://registry.npmjs.org/@opentelemetry/api/-/api-1.3.0.tgz",
      "integrity": "sha512-YveTnGNsFFixTKJz09Oi4zYkiLT5af3WpZDu4aIUM7xX+2bHAkOJayFTVQd6zB8kkWPpbua4Ha6Ql00grdLlJQ=="
    },
    "@xata.io/client": {
      "version": "0.21.2",
      "resolved": "https://registry.npmjs.org/@xata.io/client/-/client-0.21.2.tgz",
      "integrity": "sha512-+ZoAgGGy6+In6HDjqSRCzxKcsodFZDd6stGgvtpATt+bUyL8glkk61EYh3iKKrlWBtfG5lZPK9LEQcVEdf6icg==",
      "requires": {}
    },
    "typescript": {
      "version": "4.8.3",
      "resolved": "https://registry.npmjs.org/typescript/-/typescript-4.8.3.tgz",
      "integrity": "sha512-goMHfm00nWPa8UvR/CPSvykqf6dVV8x/dp0c5mFTMTIu0u0FlGWRioyy7Nn0PGAdHxpJZnuO/ut+PpQ8UiHAig==",
      "peer": true
    }
  }
}
