{
  "name": "@xata.io/plugin-client-opentelemetry",
  "version": "0.1.0",
  "lockfileVersion": 2,
  "requires": true,
  "packages": {
    "": {
      "name": "@xata.io/plugin-client-opentelemetry",
      "version": "0.1.0",
      "license": "Apache-2.0",
      "dependencies": {
        "@opentelemetry/api": "^1.1.0",
        "@xata.io/client": "^0.16.2"
      }
    },
    "node_modules/@opentelemetry/api": {
      "version": "1.1.0",
      "resolved": "https://registry.npmjs.org/@opentelemetry/api/-/api-1.1.0.tgz",
      "integrity": "sha512-hf+3bwuBwtXsugA2ULBc95qxrOqP2pOekLz34BJhcAKawt94vfeNyUKpYc0lZQ/3sCP6LqRa7UAdHA7i5UODzQ==",
      "engines": {
        "node": ">=8.0.0"
      }
    },
    "node_modules/@xata.io/client": {
      "version": "0.16.2",
      "resolved": "https://registry.npmjs.org/@xata.io/client/-/client-0.16.2.tgz",
      "integrity": "sha512-jVbm0Y7sgrtq3WYENrMe5A3Jw+GIKWrpY6uYFBgFGdGWFyI/OOJq6jApZPr13T37N2QhmcBx4Mm1AQE0pKwaTQ==",
      "peerDependencies": {
        "typescript": ">=4.5"
      }
    },
    "node_modules/typescript": {
      "version": "4.7.4",
      "resolved": "https://registry.npmjs.org/typescript/-/typescript-4.7.4.tgz",
      "integrity": "sha512-C0WQT0gezHuw6AdY1M2jxUO83Rjf0HP7Sk1DtXj6j1EwkQNZrHAg2XPWlq62oqEhYvONq5pkC2Y9oPljWToLmQ==",
      "peer": true,
      "bin": {
        "tsc": "bin/tsc",
        "tsserver": "bin/tsserver"
      },
      "engines": {
        "node": ">=4.2.0"
      }
    }
  },
  "dependencies": {
    "@opentelemetry/api": {
      "version": "1.1.0",
      "resolved": "https://registry.npmjs.org/@opentelemetry/api/-/api-1.1.0.tgz",
      "integrity": "sha512-hf+3bwuBwtXsugA2ULBc95qxrOqP2pOekLz34BJhcAKawt94vfeNyUKpYc0lZQ/3sCP6LqRa7UAdHA7i5UODzQ=="
    },
    "@xata.io/client": {
      "version": "0.16.2",
      "resolved": "https://registry.npmjs.org/@xata.io/client/-/client-0.16.2.tgz",
      "integrity": "sha512-jVbm0Y7sgrtq3WYENrMe5A3Jw+GIKWrpY6uYFBgFGdGWFyI/OOJq6jApZPr13T37N2QhmcBx4Mm1AQE0pKwaTQ==",
      "requires": {}
    },
    "typescript": {
      "version": "4.7.4",
      "resolved": "https://registry.npmjs.org/typescript/-/typescript-4.7.4.tgz",
      "integrity": "sha512-C0WQT0gezHuw6AdY1M2jxUO83Rjf0HP7Sk1DtXj6j1EwkQNZrHAg2XPWlq62oqEhYvONq5pkC2Y9oPljWToLmQ==",
      "peer": true
    }
  }
}
