{
  "name": "@xata.io/plugin-client-opentelemetry",
  "version": "0.2.3",
  "lockfileVersion": 2,
  "requires": true,
  "packages": {
    "": {
      "name": "@xata.io/plugin-client-opentelemetry",
      "version": "0.2.3",
      "license": "Apache-2.0",
      "dependencies": {
        "@opentelemetry/api": "^1.2.0",
        "@xata.io/client": "^0.20.0"
      }
    },
    "node_modules/@opentelemetry/api": {
      "version": "1.2.0",
      "resolved": "https://registry.npmjs.org/@opentelemetry/api/-/api-1.2.0.tgz",
      "integrity": "sha512-0nBr+VZNKm9tvNDZFstI3Pq1fCTEDK5OZTnVKNvBNAKgd0yIvmwsP4m61rEv7ZP+tOUjWJhROpxK5MsnlF911g==",
      "engines": {
        "node": ">=8.0.0"
      }
    },
    "node_modules/@xata.io/client": {
      "version": "0.20.0",
      "resolved": "https://registry.npmjs.org/@xata.io/client/-/client-0.20.0.tgz",
      "integrity": "sha512-yzpsPh0EjLpuRqvsUcGl1ZB7G7tjrGg3j5G9ffTCKKplWxy1E/iFjagWbMpa+1j9T8CT/epBHoS9Q2ZyymkTkw==",
      "peerDependencies": {
        "typescript": ">=4.5"
      }
    },
    "node_modules/typescript": {
      "version": "4.8.3",
      "resolved": "https://registry.npmjs.org/typescript/-/typescript-4.8.3.tgz",
      "integrity": "sha512-goMHfm00nWPa8UvR/CPSvykqf6dVV8x/dp0c5mFTMTIu0u0FlGWRioyy7Nn0PGAdHxpJZnuO/ut+PpQ8UiHAig==",
      "peer": true,
      "bin": {
        "tsc": "bin/tsc",
        "tsserver": "bin/tsserver"
      },
      "engines": {
        "node": ">=4.2.0"
      }
    }
  },
  "dependencies": {
    "@opentelemetry/api": {
      "version": "1.2.0",
      "resolved": "https://registry.npmjs.org/@opentelemetry/api/-/api-1.2.0.tgz",
      "integrity": "sha512-0nBr+VZNKm9tvNDZFstI3Pq1fCTEDK5OZTnVKNvBNAKgd0yIvmwsP4m61rEv7ZP+tOUjWJhROpxK5MsnlF911g=="
    },
    "@xata.io/client": {
      "version": "0.20.0",
      "resolved": "https://registry.npmjs.org/@xata.io/client/-/client-0.20.0.tgz",
      "integrity": "sha512-yzpsPh0EjLpuRqvsUcGl1ZB7G7tjrGg3j5G9ffTCKKplWxy1E/iFjagWbMpa+1j9T8CT/epBHoS9Q2ZyymkTkw==",
      "requires": {}
    },
    "typescript": {
      "version": "4.8.3",
      "resolved": "https://registry.npmjs.org/typescript/-/typescript-4.8.3.tgz",
      "integrity": "sha512-goMHfm00nWPa8UvR/CPSvykqf6dVV8x/dp0c5mFTMTIu0u0FlGWRioyy7Nn0PGAdHxpJZnuO/ut+PpQ8UiHAig==",
      "peer": true
    }
  }
}
